{
  "name": "lootastic",
  "version": "1.1.1",
  "lockfileVersion": 1,
  "requires": true,
  "dependencies": {
    "lodash.compact": {
      "version": "3.0.1",
      "resolved": "https://registry.npmjs.org/lodash.compact/-/lodash.compact-3.0.1.tgz",
      "integrity": "sha1-VAzjg3dFl1gHRx4WtKK6IeclbKU="
    },
    "lodash.random": {
      "version": "3.2.0",
      "resolved": "https://registry.npmjs.org/lodash.random/-/lodash.random-3.2.0.tgz",
      "integrity": "sha1-luJOdjMzGZEw0sni/Vf5FwPMJi0="
    },
    "weighted-randomly-select": {
      "version": "1.0.4",
      "resolved": "https://registry.npmjs.org/weighted-randomly-select/-/weighted-randomly-select-1.0.4.tgz",
      "integrity": "sha1-P7on2oWdOrP1byocCQM7I44eaTE="
    }
  }
}
